
Microsoft Visual Studio Solution File, Format Version 12.00
# Visual Studio Version 17
VisualStudioVersion = 17.5.33516.290
MinimumVisualStudioVersion = 10.0.40219.1
Project("{FAE04EC0-301F-11D3-BF4B-00C04F79EFBC}") = "Zaruri", "Zaruri\Zaruri.csproj", "{976A5E46-DA69-4169-92DC-DE134DDB35DE}"
EndProject
Global
	GlobalSection(SolutionConfigurationPlatforms) = preSolution
		Debug|Any CPU = Debug|Any CPU
		Release|Any CPU = Release|Any CPU
	EndGlobalSection
	GlobalSection(ProjectConfigurationPlatforms) = postSolution
		{976A5E46-DA69-4169-92DC-DE134DDB35DE}.Debug|Any CPU.ActiveCfg = Debug|Any CPU
		{976A5E46-DA69-4169-92DC-DE134DDB35DE}.Debug|Any CPU.Build.0 = Debug|Any CPU
		{976A5E46-DA69-4169-92DC-DE134DDB35DE}.Release|Any CPU.ActiveCfg = Release|Any CPU
		{976A5E46-DA69-4169-92DC-DE134DDB35DE}.Release|Any CPU.Build.0 = Release|Any CPU
	EndGlobalSection
	GlobalSection(SolutionProperties) = preSolution
		HideSolutionNode = FALSE
	EndGlobalSection
	GlobalSection(ExtensibilityGlobals) = postSolution
		SolutionGuid = {D69640B2-AC2F-41B3-96B5-B04B6A6F56FC}
	EndGlobalSection
EndGlobal
